
Microsoft Visual Studio Solution File, Format Version 12.00
# Visual Studio Version 17
VisualStudioVersion = 17.4.33213.308
MinimumVisualStudioVersion = 10.0.40219.1
Project("{9A19103F-16F7-4668-BE54-9A1E7A4F7556}") = "RestaurantApi", "RestaurantApi\RestaurantApi.csproj", "{87A4A345-4C18-47C8-A967-1809097C4744}"
EndProject
Global
	GlobalSection(SolutionConfigurationPlatforms) = preSolution
		Debug|Any CPU = Debug|Any CPU
		Release|Any CPU = Release|Any CPU
	EndGlobalSection
	GlobalSection(ProjectConfigurationPlatforms) = postSolution
		{87A4A345-4C18-47C8-A967-1809097C4744}.Debug|Any CPU.ActiveCfg = Debug|Any CPU
		{87A4A345-4C18-47C8-A967-1809097C4744}.Debug|Any CPU.Build.0 = Debug|Any CPU
		{87A4A345-4C18-47C8-A967-1809097C4744}.Release|Any CPU.ActiveCfg = Release|Any CPU
		{87A4A345-4C18-47C8-A967-1809097C4744}.Release|Any CPU.Build.0 = Release|Any CPU
	EndGlobalSection
	GlobalSection(SolutionProperties) = preSolution
		HideSolutionNode = FALSE
	EndGlobalSection
	GlobalSection(ExtensibilityGlobals) = postSolution
		SolutionGuid = {55BDE67A-EF86-4631-BBCF-0EB7839ED05A}
	EndGlobalSection
EndGlobal
